
Microsoft Visual Studio Solution File, Format Version 12.00
# Visual Studio Version 17
VisualStudioVersion = 17.14.36203.30 d17.14
MinimumVisualStudioVersion = 10.0.40219.1
Project("{FAE04EC0-301F-11D3-BF4B-00C04F79EFBC}") = "SchedulerApp", "SchedulerApp.csproj", "{EA9412AA-1154-4832-AC54-FFF98D6D83BA}"
EndProject
Global
	GlobalSection(SolutionConfigurationPlatforms) = preSolution
		Debug|Any CPU = Debug|Any CPU
		Release|Any CPU = Release|Any CPU
	EndGlobalSection
	GlobalSection(ProjectConfigurationPlatforms) = postSolution
		{EA9412AA-1154-4832-AC54-FFF98D6D83BA}.Debug|Any CPU.ActiveCfg = Debug|Any CPU
		{EA9412AA-1154-4832-AC54-FFF98D6D83BA}.Debug|Any CPU.Build.0 = Debug|Any CPU
		{EA9412AA-1154-4832-AC54-FFF98D6D83BA}.Release|Any CPU.ActiveCfg = Release|Any CPU
		{EA9412AA-1154-4832-AC54-FFF98D6D83BA}.Release|Any CPU.Build.0 = Release|Any CPU
	EndGlobalSection
	GlobalSection(SolutionProperties) = preSolution
		HideSolutionNode = FALSE
	EndGlobalSection
	GlobalSection(ExtensibilityGlobals) = postSolution
		SolutionGuid = {14B68D2E-4684-44DE-BB8F-FC48E18BD144}
	EndGlobalSection
EndGlobal
